
Microsoft Visual Studio Solution File, Format Version 12.00
# Visual Studio Version 16
VisualStudioVersion = 16.0.30114.105
MinimumVisualStudioVersion = 10.0.40219.1
Project("{FAE04EC0-301F-11D3-BF4B-00C04F79EFBC}") = "cashmanager.api.accounts", "cashmanager.api.accounts\cashmanager.api.accounts.csproj", "{027E7CAA-62A3-470C-BB7A-0F881BC9FC23}"
EndProject
Project("{FAE04EC0-301F-11D3-BF4B-00C04F79EFBC}") = "cashmanager.api.transactions", "cashmanager.api.transactions\cashmanager.api.transactions.csproj", "{7DAE5B7B-FC71-4B56-B9D0-6FB62FFBFB89}"
EndProject
Project("{FAE04EC0-301F-11D3-BF4B-00C04F79EFBC}") = "cashmanager.api.transactions.tests", "cashmanager.api.transactions.tests\cashmanager.api.transactions.tests.csproj", "{278858E2-757B-4C8F-A90D-7C21CCD4D6DA}"
EndProject
Project("{FAE04EC0-301F-11D3-BF4B-00C04F79EFBC}") = "cashmanager.api.accounts.tests", "cashmanager.api.accounts.tests\cashmanager.api.accounts.tests.csproj", "{01BB3C65-2157-42A9-8ED7-797C1F72AAE1}"
EndProject
Project("{FAE04EC0-301F-11D3-BF4B-00C04F79EFBC}") = "cashmanager.web.spa", "cashmanager.web.spa\cashmanager.web.spa.csproj", "{990FF661-5544-45B8-B3DF-5850E18C9BA8}"
EndProject
Global
	GlobalSection(SolutionConfigurationPlatforms) = preSolution
		Debug|Any CPU = Debug|Any CPU
		Release|Any CPU = Release|Any CPU
	EndGlobalSection
	GlobalSection(SolutionProperties) = preSolution
		HideSolutionNode = FALSE
	EndGlobalSection
	GlobalSection(ProjectConfigurationPlatforms) = postSolution
		{027E7CAA-62A3-470C-BB7A-0F881BC9FC23}.Debug|Any CPU.ActiveCfg = Debug|Any CPU
		{027E7CAA-62A3-470C-BB7A-0F881BC9FC23}.Debug|Any CPU.Build.0 = Debug|Any CPU
		{027E7CAA-62A3-470C-BB7A-0F881BC9FC23}.Release|Any CPU.ActiveCfg = Release|Any CPU
		{027E7CAA-62A3-470C-BB7A-0F881BC9FC23}.Release|Any CPU.Build.0 = Release|Any CPU
		{7DAE5B7B-FC71-4B56-B9D0-6FB62FFBFB89}.Debug|Any CPU.ActiveCfg = Debug|Any CPU
		{7DAE5B7B-FC71-4B56-B9D0-6FB62FFBFB89}.Debug|Any CPU.Build.0 = Debug|Any CPU
		{7DAE5B7B-FC71-4B56-B9D0-6FB62FFBFB89}.Release|Any CPU.ActiveCfg = Release|Any CPU
		{7DAE5B7B-FC71-4B56-B9D0-6FB62FFBFB89}.Release|Any CPU.Build.0 = Release|Any CPU
		{278858E2-757B-4C8F-A90D-7C21CCD4D6DA}.Debug|Any CPU.ActiveCfg = Debug|Any CPU
		{278858E2-757B-4C8F-A90D-7C21CCD4D6DA}.Debug|Any CPU.Build.0 = Debug|Any CPU
		{278858E2-757B-4C8F-A90D-7C21CCD4D6DA}.Release|Any CPU.ActiveCfg = Release|Any CPU
		{278858E2-757B-4C8F-A90D-7C21CCD4D6DA}.Release|Any CPU.Build.0 = Release|Any CPU
		{01BB3C65-2157-42A9-8ED7-797C1F72AAE1}.Debug|Any CPU.ActiveCfg = Debug|Any CPU
		{01BB3C65-2157-42A9-8ED7-797C1F72AAE1}.Debug|Any CPU.Build.0 = Debug|Any CPU
		{01BB3C65-2157-42A9-8ED7-797C1F72AAE1}.Release|Any CPU.ActiveCfg = Release|Any CPU
		{01BB3C65-2157-42A9-8ED7-797C1F72AAE1}.Release|Any CPU.Build.0 = Release|Any CPU
		{990FF661-5544-45B8-B3DF-5850E18C9BA8}.Debug|Any CPU.ActiveCfg = Debug|Any CPU
		{990FF661-5544-45B8-B3DF-5850E18C9BA8}.Debug|Any CPU.Build.0 = Debug|Any CPU
		{990FF661-5544-45B8-B3DF-5850E18C9BA8}.Release|Any CPU.ActiveCfg = Release|Any CPU
		{990FF661-5544-45B8-B3DF-5850E18C9BA8}.Release|Any CPU.Build.0 = Release|Any CPU
	EndGlobalSection
EndGlobal
